
Microsoft Visual Studio Solution File, Format Version 12.00
# Visual Studio 14
VisualStudioVersion = 14.0.25420.1
MinimumVisualStudioVersion = 10.0.40219.1
Project("{FAE04EC0-301F-11D3-BF4B-00C04F79EFBC}") = "ProsessPilotene.Fellerskopet.Consol", "ProsessPilotene.Fellerskopet\ProsessPilotene.Fellerskopet.Consol.csproj", "{89C0A8D4-D301-4789-BE22-0CFD7BDEAFA0}"
EndProject
Project("{FAE04EC0-301F-11D3-BF4B-00C04F79EFBC}") = "ProsessPilotene.Fellerskopet.Plugin", "ProsessPilotene.Fellerskopet.Plugin\ProsessPilotene.Fellerskopet.Plugin.csproj", "{56E63E6D-35E9-48B5-A549-1321610F197A}"
EndProject
Project("{FAE04EC0-301F-11D3-BF4B-00C04F79EFBC}") = "ProsessPilotene.Fellerskopet.Workflow", "ProsessPilotene.Fellerskopet.Workflow\ProsessPilotene.Fellerskopet.Workflow.csproj", "{2110F684-C277-47E7-B8B9-6F17A579D0CE}"
EndProject
Project("{FAE04EC0-301F-11D3-BF4B-00C04F79EFBC}") = "ProsessPilotene.Fellerskopet.SharePoint", "ProsessPilotene.Fellerskopet.SharePoint\ProsessPilotene.Fellerskopet.SharePoint.csproj", "{2C986C85-89C4-4E5B-9B9A-0E7BC2D4FB81}"
EndProject
Project("{8BB2217D-0F2D-49D1-97BC-3654ED321F3B}") = "ProsessPilotene.Fellerskopet.WebAPICore", "ProsessPilotene.Fellerskopet.WebAPICore\ProsessPilotene.Fellerskopet.WebAPICore.xproj", "{3104326E-DE7B-4F87-9D01-8FD70F907B1B}"
EndProject
Project("{2150E333-8FDC-42A3-9474-1A3956D46DE8}") = "Solution Items", "Solution Items", "{A16B93F8-EE08-4917-BCDD-1757775BBEFE}"
	ProjectSection(SolutionItems) = preProject
		.gitignore = .gitignore
	EndProjectSection
EndProject
Global
	GlobalSection(SolutionConfigurationPlatforms) = preSolution
		Debug|Any CPU = Debug|Any CPU
		Release|Any CPU = Release|Any CPU
	EndGlobalSection
	GlobalSection(ProjectConfigurationPlatforms) = postSolution
		{89C0A8D4-D301-4789-BE22-0CFD7BDEAFA0}.Debug|Any CPU.ActiveCfg = Debug|Any CPU
		{89C0A8D4-D301-4789-BE22-0CFD7BDEAFA0}.Debug|Any CPU.Build.0 = Debug|Any CPU
		{89C0A8D4-D301-4789-BE22-0CFD7BDEAFA0}.Release|Any CPU.ActiveCfg = Release|Any CPU
		{89C0A8D4-D301-4789-BE22-0CFD7BDEAFA0}.Release|Any CPU.Build.0 = Release|Any CPU
		{56E63E6D-35E9-48B5-A549-1321610F197A}.Debug|Any CPU.ActiveCfg = Debug|Any CPU
		{56E63E6D-35E9-48B5-A549-1321610F197A}.Debug|Any CPU.Build.0 = Debug|Any CPU
		{56E63E6D-35E9-48B5-A549-1321610F197A}.Release|Any CPU.ActiveCfg = Release|Any CPU
		{56E63E6D-35E9-48B5-A549-1321610F197A}.Release|Any CPU.Build.0 = Release|Any CPU
		{2110F684-C277-47E7-B8B9-6F17A579D0CE}.Debug|Any CPU.ActiveCfg = Debug|Any CPU
		{2110F684-C277-47E7-B8B9-6F17A579D0CE}.Debug|Any CPU.Build.0 = Debug|Any CPU
		{2110F684-C277-47E7-B8B9-6F17A579D0CE}.Release|Any CPU.ActiveCfg = Release|Any CPU
		{2110F684-C277-47E7-B8B9-6F17A579D0CE}.Release|Any CPU.Build.0 = Release|Any CPU
		{2C986C85-89C4-4E5B-9B9A-0E7BC2D4FB81}.Debug|Any CPU.ActiveCfg = Debug|Any CPU
		{2C986C85-89C4-4E5B-9B9A-0E7BC2D4FB81}.Debug|Any CPU.Build.0 = Debug|Any CPU
		{2C986C85-89C4-4E5B-9B9A-0E7BC2D4FB81}.Debug|Any CPU.Deploy.0 = Debug|Any CPU
		{2C986C85-89C4-4E5B-9B9A-0E7BC2D4FB81}.Release|Any CPU.ActiveCfg = Release|Any CPU
		{2C986C85-89C4-4E5B-9B9A-0E7BC2D4FB81}.Release|Any CPU.Build.0 = Release|Any CPU
		{2C986C85-89C4-4E5B-9B9A-0E7BC2D4FB81}.Release|Any CPU.Deploy.0 = Release|Any CPU
		{3104326E-DE7B-4F87-9D01-8FD70F907B1B}.Debug|Any CPU.ActiveCfg = Debug|Any CPU
		{3104326E-DE7B-4F87-9D01-8FD70F907B1B}.Debug|Any CPU.Build.0 = Debug|Any CPU
		{3104326E-DE7B-4F87-9D01-8FD70F907B1B}.Release|Any CPU.ActiveCfg = Release|Any CPU
		{3104326E-DE7B-4F87-9D01-8FD70F907B1B}.Release|Any CPU.Build.0 = Release|Any CPU
	EndGlobalSection
	GlobalSection(SolutionProperties) = preSolution
		HideSolutionNode = FALSE
	EndGlobalSection
EndGlobal
